
Microsoft Visual Studio Solution File, Format Version 12.00
# Visual Studio Version 17
VisualStudioVersion = 17.1.32421.90
MinimumVisualStudioVersion = 10.0.40219.1
Project("{9A19103F-16F7-4668-BE54-9A1E7A4F7556}") = "DescarTec.Api", "DescarTec.Api\DescarTec.Api.csproj", "{C500081F-B2B7-415B-8ACC-A7A6249917DB}"
EndProject
Global
	GlobalSection(SolutionConfigurationPlatforms) = preSolution
		Debug|Any CPU = Debug|Any CPU
		Release|Any CPU = Release|Any CPU
	EndGlobalSection
	GlobalSection(ProjectConfigurationPlatforms) = postSolution
		{C500081F-B2B7-415B-8ACC-A7A6249917DB}.Debug|Any CPU.ActiveCfg = Debug|Any CPU
		{C500081F-B2B7-415B-8ACC-A7A6249917DB}.Debug|Any CPU.Build.0 = Debug|Any CPU
		{C500081F-B2B7-415B-8ACC-A7A6249917DB}.Release|Any CPU.ActiveCfg = Release|Any CPU
		{C500081F-B2B7-415B-8ACC-A7A6249917DB}.Release|Any CPU.Build.0 = Release|Any CPU
	EndGlobalSection
	GlobalSection(SolutionProperties) = preSolution
		HideSolutionNode = FALSE
	EndGlobalSection
	GlobalSection(ExtensibilityGlobals) = postSolution
		SolutionGuid = {49C54F66-7705-4792-A373-9A70DAB11FF7}
	EndGlobalSection
EndGlobal
